
Microsoft Visual Studio Solution File, Format Version 12.00
# Visual Studio Version 17
VisualStudioVersion = 17.4.33213.308
MinimumVisualStudioVersion = 10.0.40219.1
Project("{2150E333-8FDC-42A3-9474-1A3956D46DE8}") = "src", "src", "{0E735E93-EC54-4DB9-A2F5-E1B62F94A3DE}"
EndProject
Project("{2150E333-8FDC-42A3-9474-1A3956D46DE8}") = "Solution Items", "Solution Items", "{C8DA7141-8F03-4E5F-99B8-C768C6B64274}"
	ProjectSection(SolutionItems) = preProject
		ServiceUrls.txt = ServiceUrls.txt
	EndProjectSection
EndProject
Project("{2150E333-8FDC-42A3-9474-1A3956D46DE8}") = "ApiGateways", "ApiGateways", "{8DDCDC60-AE88-4797-8876-6B486EF9FBB1}"
EndProject
Project("{2150E333-8FDC-42A3-9474-1A3956D46DE8}") = "BuildingBlocks", "BuildingBlocks", "{0B45B0ED-CB83-41C7-BF40-B9A99B581BCD}"
EndProject
Project("{2150E333-8FDC-42A3-9474-1A3956D46DE8}") = "Services", "Services", "{1202D499-BBD1-4836-B36D-2C27879A525A}"
EndProject
Project("{2150E333-8FDC-42A3-9474-1A3956D46DE8}") = "Clients", "Clients", "{536D194E-6FEB-44C9-AFE8-EE3A83DD0C5D}"
EndProject
Project("{2150E333-8FDC-42A3-9474-1A3956D46DE8}") = "WebApiGateway", "WebApiGateway", "{0092CF5D-B454-4472-AA7A-1A786748114D}"
EndProject
Project("{9A19103F-16F7-4668-BE54-9A1E7A4F7556}") = "Web.ApiGateway", "src\ApiGateways\WebApiGateway\Web.ApiGateway\Web.ApiGateway.csproj", "{FAB68163-D88D-45E3-8F2B-B78790BA776F}"
EndProject
Project("{2150E333-8FDC-42A3-9474-1A3956D46DE8}") = "EventBus", "EventBus", "{69800A80-95A9-439E-B430-206B27CF6507}"
EndProject
Project("{9A19103F-16F7-4668-BE54-9A1E7A4F7556}") = "EventBus.Base", "src\BuildingBlocks\EventBus\EventBus.Base\EventBus.Base.csproj", "{D80CA739-8916-42B2-A75E-FAD55216A621}"
EndProject
Project("{9A19103F-16F7-4668-BE54-9A1E7A4F7556}") = "EventBus.Factory", "src\BuildingBlocks\EventBus\EventBus.Factory\EventBus.Factory.csproj", "{D00E63DA-2974-4B88-BEF2-1AA578BE1031}"
EndProject
Project("{9A19103F-16F7-4668-BE54-9A1E7A4F7556}") = "EventBus.AzureServiceBus", "src\BuildingBlocks\EventBus\EventBus.AzureServiceBus\EventBus.AzureServiceBus.csproj", "{12292A51-FD2B-4F88-919C-49AD96BA0118}"
EndProject
Project("{9A19103F-16F7-4668-BE54-9A1E7A4F7556}") = "EventBus.RabbitMQ", "src\BuildingBlocks\EventBus\EventBus.RabbitMQ\EventBus.RabbitMQ.csproj", "{046E7D72-10D3-4007-80BF-0FF3B62DBFD9}"
EndProject
Project("{2150E333-8FDC-42A3-9474-1A3956D46DE8}") = "BlazorWebApp", "BlazorWebApp", "{E93C97EA-1F29-43F8-8740-911212F2810C}"
EndProject
Project("{9A19103F-16F7-4668-BE54-9A1E7A4F7556}") = "WebApp", "src\Clients\BlazorWebApp\WebApp\WebApp.csproj", "{C44C7125-DFF3-425A-B7CB-4B095FFDCA01}"
EndProject
Project("{2150E333-8FDC-42A3-9474-1A3956D46DE8}") = "BasketService", "BasketService", "{F3C612FD-72ED-4D9B-9DA6-18F65D1B4B8E}"
EndProject
Project("{9A19103F-16F7-4668-BE54-9A1E7A4F7556}") = "BasketService.Api", "src\Services\BasketService\BasketService.Api\BasketService.Api.csproj", "{557B497C-BD32-4BB8-980A-FC4D0372CE98}"
EndProject
Project("{2150E333-8FDC-42A3-9474-1A3956D46DE8}") = "CatalogService", "CatalogService", "{AEC0B79F-C5C0-4944-9289-07D3AC8C5E55}"
EndProject
Project("{9A19103F-16F7-4668-BE54-9A1E7A4F7556}") = "CatalogService.Api", "src\Services\CatalogService\CatalogService.Api\CatalogService.Api.csproj", "{B6A49D7A-8585-46C4-91EB-BA6A114F709D}"
EndProject
Project("{2150E333-8FDC-42A3-9474-1A3956D46DE8}") = "IdentityService", "IdentityService", "{F3251BA5-2542-4E00-8F63-BA1DDB666C7B}"
EndProject
Project("{2150E333-8FDC-42A3-9474-1A3956D46DE8}") = "NotificationService", "NotificationService", "{16B3EEA6-326E-4FD3-B043-D2E0EF31E34A}"
EndProject
Project("{9A19103F-16F7-4668-BE54-9A1E7A4F7556}") = "NotificationService", "src\Services\NotificationService\NotificationService\NotificationService.csproj", "{13DD98CF-6C6E-400F-A3C0-C5730B25DF9C}"
EndProject
Project("{2150E333-8FDC-42A3-9474-1A3956D46DE8}") = "OrderService", "OrderService", "{FC022E43-2849-4C49-97ED-7BE502A3D847}"
EndProject
Project("{9A19103F-16F7-4668-BE54-9A1E7A4F7556}") = "OrderService.Domain", "src\Services\OrderService\OrderService.Domain\OrderService.Domain.csproj", "{924D38BB-B9FF-427D-9F60-99064CA045FC}"
EndProject
Project("{9A19103F-16F7-4668-BE54-9A1E7A4F7556}") = "OrderService.Application", "src\Services\OrderService\OrderService.Application\OrderService.Application.csproj", "{C8927E4D-1DFF-4B33-90A6-6FE2CC9F4F01}"
EndProject
Project("{9A19103F-16F7-4668-BE54-9A1E7A4F7556}") = "OrderService.Infrastructure", "src\Services\OrderService\OrderService.Infrastructure\OrderService.Infrastructure.csproj", "{791EFCB8-9714-494F-B8AF-AB89E374C4FF}"
EndProject
Project("{9A19103F-16F7-4668-BE54-9A1E7A4F7556}") = "OrderService.Api", "src\Services\OrderService\OrderService.Api\OrderService.Api.csproj", "{3F195D10-EB96-4927-A966-DED64495EB33}"
EndProject
Project("{2150E333-8FDC-42A3-9474-1A3956D46DE8}") = "PaymentService", "PaymentService", "{A02ACFB7-1543-4CEE-83E3-F68EB0C4F53A}"
EndProject
Project("{9A19103F-16F7-4668-BE54-9A1E7A4F7556}") = "PaymentService.Api", "src\Services\PaymentService\PaymentService.Api\PaymentService.Api.csproj", "{F62E8E7A-0A6D-4385-A985-CC35ACAFC132}"
EndProject
Project("{9A19103F-16F7-4668-BE54-9A1E7A4F7556}") = "IdentityService.Api", "src\Services\IdentityService\IdentityService.Api\IdentityService.Api.csproj", "{3CB2E462-F059-4B47-B205-296517F4F2A6}"
EndProject
Project("{2150E333-8FDC-42A3-9474-1A3956D46DE8}") = "tests", "tests", "{C53AB959-27FA-4885-BC65-8A609897AC61}"
EndProject
Project("{2150E333-8FDC-42A3-9474-1A3956D46DE8}") = "BuildingBlocks", "BuildingBlocks", "{CAB795F2-E48C-4839-995A-C06106B21DE6}"
EndProject
Project("{FAE04EC0-301F-11D3-BF4B-00C04F79EFBC}") = "EventBus.UnitTest", "tests\BuildingBlocks\EventBus.UnitTest\EventBus.UnitTest.csproj", "{6FF8FEE5-F108-4204-B5EA-DB0DD7B028C7}"
EndProject
Global
	GlobalSection(SolutionConfigurationPlatforms) = preSolution
		Debug|Any CPU = Debug|Any CPU
		Release|Any CPU = Release|Any CPU
	EndGlobalSection
	GlobalSection(ProjectConfigurationPlatforms) = postSolution
		{FAB68163-D88D-45E3-8F2B-B78790BA776F}.Debug|Any CPU.ActiveCfg = Debug|Any CPU
		{FAB68163-D88D-45E3-8F2B-B78790BA776F}.Debug|Any CPU.Build.0 = Debug|Any CPU
		{FAB68163-D88D-45E3-8F2B-B78790BA776F}.Release|Any CPU.ActiveCfg = Release|Any CPU
		{FAB68163-D88D-45E3-8F2B-B78790BA776F}.Release|Any CPU.Build.0 = Release|Any CPU
		{D80CA739-8916-42B2-A75E-FAD55216A621}.Debug|Any CPU.ActiveCfg = Debug|Any CPU
		{D80CA739-8916-42B2-A75E-FAD55216A621}.Debug|Any CPU.Build.0 = Debug|Any CPU
		{D80CA739-8916-42B2-A75E-FAD55216A621}.Release|Any CPU.ActiveCfg = Release|Any CPU
		{D80CA739-8916-42B2-A75E-FAD55216A621}.Release|Any CPU.Build.0 = Release|Any CPU
		{D00E63DA-2974-4B88-BEF2-1AA578BE1031}.Debug|Any CPU.ActiveCfg = Debug|Any CPU
		{D00E63DA-2974-4B88-BEF2-1AA578BE1031}.Debug|Any CPU.Build.0 = Debug|Any CPU
		{D00E63DA-2974-4B88-BEF2-1AA578BE1031}.Release|Any CPU.ActiveCfg = Release|Any CPU
		{D00E63DA-2974-4B88-BEF2-1AA578BE1031}.Release|Any CPU.Build.0 = Release|Any CPU
		{12292A51-FD2B-4F88-919C-49AD96BA0118}.Debug|Any CPU.ActiveCfg = Debug|Any CPU
		{12292A51-FD2B-4F88-919C-49AD96BA0118}.Debug|Any CPU.Build.0 = Debug|Any CPU
		{12292A51-FD2B-4F88-919C-49AD96BA0118}.Release|Any CPU.ActiveCfg = Release|Any CPU
		{12292A51-FD2B-4F88-919C-49AD96BA0118}.Release|Any CPU.Build.0 = Release|Any CPU
		{046E7D72-10D3-4007-80BF-0FF3B62DBFD9}.Debug|Any CPU.ActiveCfg = Debug|Any CPU
		{046E7D72-10D3-4007-80BF-0FF3B62DBFD9}.Debug|Any CPU.Build.0 = Debug|Any CPU
		{046E7D72-10D3-4007-80BF-0FF3B62DBFD9}.Release|Any CPU.ActiveCfg = Release|Any CPU
		{046E7D72-10D3-4007-80BF-0FF3B62DBFD9}.Release|Any CPU.Build.0 = Release|Any CPU
		{C44C7125-DFF3-425A-B7CB-4B095FFDCA01}.Debug|Any CPU.ActiveCfg = Debug|Any CPU
		{C44C7125-DFF3-425A-B7CB-4B095FFDCA01}.Debug|Any CPU.Build.0 = Debug|Any CPU
		{C44C7125-DFF3-425A-B7CB-4B095FFDCA01}.Release|Any CPU.ActiveCfg = Release|Any CPU
		{C44C7125-DFF3-425A-B7CB-4B095FFDCA01}.Release|Any CPU.Build.0 = Release|Any CPU
		{557B497C-BD32-4BB8-980A-FC4D0372CE98}.Debug|Any CPU.ActiveCfg = Debug|Any CPU
		{557B497C-BD32-4BB8-980A-FC4D0372CE98}.Debug|Any CPU.Build.0 = Debug|Any CPU
		{557B497C-BD32-4BB8-980A-FC4D0372CE98}.Release|Any CPU.ActiveCfg = Release|Any CPU
		{557B497C-BD32-4BB8-980A-FC4D0372CE98}.Release|Any CPU.Build.0 = Release|Any CPU
		{B6A49D7A-8585-46C4-91EB-BA6A114F709D}.Debug|Any CPU.ActiveCfg = Debug|Any CPU
		{B6A49D7A-8585-46C4-91EB-BA6A114F709D}.Debug|Any CPU.Build.0 = Debug|Any CPU
		{B6A49D7A-8585-46C4-91EB-BA6A114F709D}.Release|Any CPU.ActiveCfg = Release|Any CPU
		{B6A49D7A-8585-46C4-91EB-BA6A114F709D}.Release|Any CPU.Build.0 = Release|Any CPU
		{13DD98CF-6C6E-400F-A3C0-C5730B25DF9C}.Debug|Any CPU.ActiveCfg = Debug|Any CPU
		{13DD98CF-6C6E-400F-A3C0-C5730B25DF9C}.Debug|Any CPU.Build.0 = Debug|Any CPU
		{13DD98CF-6C6E-400F-A3C0-C5730B25DF9C}.Release|Any CPU.ActiveCfg = Release|Any CPU
		{13DD98CF-6C6E-400F-A3C0-C5730B25DF9C}.Release|Any CPU.Build.0 = Release|Any CPU
		{924D38BB-B9FF-427D-9F60-99064CA045FC}.Debug|Any CPU.ActiveCfg = Debug|Any CPU
		{924D38BB-B9FF-427D-9F60-99064CA045FC}.Debug|Any CPU.Build.0 = Debug|Any CPU
		{924D38BB-B9FF-427D-9F60-99064CA045FC}.Release|Any CPU.ActiveCfg = Release|Any CPU
		{924D38BB-B9FF-427D-9F60-99064CA045FC}.Release|Any CPU.Build.0 = Release|Any CPU
		{C8927E4D-1DFF-4B33-90A6-6FE2CC9F4F01}.Debug|Any CPU.ActiveCfg = Debug|Any CPU
		{C8927E4D-1DFF-4B33-90A6-6FE2CC9F4F01}.Debug|Any CPU.Build.0 = Debug|Any CPU
		{C8927E4D-1DFF-4B33-90A6-6FE2CC9F4F01}.Release|Any CPU.ActiveCfg = Release|Any CPU
		{C8927E4D-1DFF-4B33-90A6-6FE2CC9F4F01}.Release|Any CPU.Build.0 = Release|Any CPU
		{791EFCB8-9714-494F-B8AF-AB89E374C4FF}.Debug|Any CPU.ActiveCfg = Debug|Any CPU
		{791EFCB8-9714-494F-B8AF-AB89E374C4FF}.Debug|Any CPU.Build.0 = Debug|Any CPU
		{791EFCB8-9714-494F-B8AF-AB89E374C4FF}.Release|Any CPU.ActiveCfg = Release|Any CPU
		{791EFCB8-9714-494F-B8AF-AB89E374C4FF}.Release|Any CPU.Build.0 = Release|Any CPU
		{3F195D10-EB96-4927-A966-DED64495EB33}.Debug|Any CPU.ActiveCfg = Debug|Any CPU
		{3F195D10-EB96-4927-A966-DED64495EB33}.Debug|Any CPU.Build.0 = Debug|Any CPU
		{3F195D10-EB96-4927-A966-DED64495EB33}.Release|Any CPU.ActiveCfg = Release|Any CPU
		{3F195D10-EB96-4927-A966-DED64495EB33}.Release|Any CPU.Build.0 = Release|Any CPU
		{F62E8E7A-0A6D-4385-A985-CC35ACAFC132}.Debug|Any CPU.ActiveCfg = Debug|Any CPU
		{F62E8E7A-0A6D-4385-A985-CC35ACAFC132}.Debug|Any CPU.Build.0 = Debug|Any CPU
		{F62E8E7A-0A6D-4385-A985-CC35ACAFC132}.Release|Any CPU.ActiveCfg = Release|Any CPU
		{F62E8E7A-0A6D-4385-A985-CC35ACAFC132}.Release|Any CPU.Build.0 = Release|Any CPU
		{3CB2E462-F059-4B47-B205-296517F4F2A6}.Debug|Any CPU.ActiveCfg = Debug|Any CPU
		{3CB2E462-F059-4B47-B205-296517F4F2A6}.Debug|Any CPU.Build.0 = Debug|Any CPU
		{3CB2E462-F059-4B47-B205-296517F4F2A6}.Release|Any CPU.ActiveCfg = Release|Any CPU
		{3CB2E462-F059-4B47-B205-296517F4F2A6}.Release|Any CPU.Build.0 = Release|Any CPU
		{6FF8FEE5-F108-4204-B5EA-DB0DD7B028C7}.Debug|Any CPU.ActiveCfg = Debug|Any CPU
		{6FF8FEE5-F108-4204-B5EA-DB0DD7B028C7}.Debug|Any CPU.Build.0 = Debug|Any CPU
		{6FF8FEE5-F108-4204-B5EA-DB0DD7B028C7}.Release|Any CPU.ActiveCfg = Release|Any CPU
		{6FF8FEE5-F108-4204-B5EA-DB0DD7B028C7}.Release|Any CPU.Build.0 = Release|Any CPU
	EndGlobalSection
	GlobalSection(SolutionProperties) = preSolution
		HideSolutionNode = FALSE
	EndGlobalSection
	GlobalSection(NestedProjects) = preSolution
		{8DDCDC60-AE88-4797-8876-6B486EF9FBB1} = {0E735E93-EC54-4DB9-A2F5-E1B62F94A3DE}
		{0B45B0ED-CB83-41C7-BF40-B9A99B581BCD} = {0E735E93-EC54-4DB9-A2F5-E1B62F94A3DE}
		{1202D499-BBD1-4836-B36D-2C27879A525A} = {0E735E93-EC54-4DB9-A2F5-E1B62F94A3DE}
		{536D194E-6FEB-44C9-AFE8-EE3A83DD0C5D} = {0E735E93-EC54-4DB9-A2F5-E1B62F94A3DE}
		{0092CF5D-B454-4472-AA7A-1A786748114D} = {8DDCDC60-AE88-4797-8876-6B486EF9FBB1}
		{FAB68163-D88D-45E3-8F2B-B78790BA776F} = {0092CF5D-B454-4472-AA7A-1A786748114D}
		{69800A80-95A9-439E-B430-206B27CF6507} = {0B45B0ED-CB83-41C7-BF40-B9A99B581BCD}
		{D80CA739-8916-42B2-A75E-FAD55216A621} = {69800A80-95A9-439E-B430-206B27CF6507}
		{D00E63DA-2974-4B88-BEF2-1AA578BE1031} = {69800A80-95A9-439E-B430-206B27CF6507}
		{12292A51-FD2B-4F88-919C-49AD96BA0118} = {69800A80-95A9-439E-B430-206B27CF6507}
		{046E7D72-10D3-4007-80BF-0FF3B62DBFD9} = {69800A80-95A9-439E-B430-206B27CF6507}
		{E93C97EA-1F29-43F8-8740-911212F2810C} = {536D194E-6FEB-44C9-AFE8-EE3A83DD0C5D}
		{C44C7125-DFF3-425A-B7CB-4B095FFDCA01} = {E93C97EA-1F29-43F8-8740-911212F2810C}
		{F3C612FD-72ED-4D9B-9DA6-18F65D1B4B8E} = {1202D499-BBD1-4836-B36D-2C27879A525A}
		{557B497C-BD32-4BB8-980A-FC4D0372CE98} = {F3C612FD-72ED-4D9B-9DA6-18F65D1B4B8E}
		{AEC0B79F-C5C0-4944-9289-07D3AC8C5E55} = {1202D499-BBD1-4836-B36D-2C27879A525A}
		{B6A49D7A-8585-46C4-91EB-BA6A114F709D} = {AEC0B79F-C5C0-4944-9289-07D3AC8C5E55}
		{F3251BA5-2542-4E00-8F63-BA1DDB666C7B} = {1202D499-BBD1-4836-B36D-2C27879A525A}
		{16B3EEA6-326E-4FD3-B043-D2E0EF31E34A} = {1202D499-BBD1-4836-B36D-2C27879A525A}
		{13DD98CF-6C6E-400F-A3C0-C5730B25DF9C} = {16B3EEA6-326E-4FD3-B043-D2E0EF31E34A}
		{FC022E43-2849-4C49-97ED-7BE502A3D847} = {1202D499-BBD1-4836-B36D-2C27879A525A}
		{924D38BB-B9FF-427D-9F60-99064CA045FC} = {FC022E43-2849-4C49-97ED-7BE502A3D847}
		{C8927E4D-1DFF-4B33-90A6-6FE2CC9F4F01} = {FC022E43-2849-4C49-97ED-7BE502A3D847}
		{791EFCB8-9714-494F-B8AF-AB89E374C4FF} = {FC022E43-2849-4C49-97ED-7BE502A3D847}
		{3F195D10-EB96-4927-A966-DED64495EB33} = {FC022E43-2849-4C49-97ED-7BE502A3D847}
		{A02ACFB7-1543-4CEE-83E3-F68EB0C4F53A} = {1202D499-BBD1-4836-B36D-2C27879A525A}
		{F62E8E7A-0A6D-4385-A985-CC35ACAFC132} = {A02ACFB7-1543-4CEE-83E3-F68EB0C4F53A}
		{3CB2E462-F059-4B47-B205-296517F4F2A6} = {F3251BA5-2542-4E00-8F63-BA1DDB666C7B}
		{CAB795F2-E48C-4839-995A-C06106B21DE6} = {C53AB959-27FA-4885-BC65-8A609897AC61}
		{6FF8FEE5-F108-4204-B5EA-DB0DD7B028C7} = {CAB795F2-E48C-4839-995A-C06106B21DE6}
	EndGlobalSection
	GlobalSection(ExtensibilityGlobals) = postSolution
		SolutionGuid = {2F35C644-0779-4023-809F-F0F92B3D79B8}
	EndGlobalSection
EndGlobal
